// !$*UTF8*$!
{
	archiveVersion = 1;
	classes = {
	};
	objectVersion = 56;
	objects = {

/* Begin PBXBuildFile section */
		5656EE052BFA2DA900C48EF0 /* AppDelegate.swift in Sources */ = {isa = PBXBuildFile; fileRef = 5656EE042BFA2DA900C48EF0 /* AppDelegate.swift */; };
		5656EE072BFA2DA900C48EF0 /* SceneDelegate.swift in Sources */ = {isa = PBXBuildFile; fileRef = 5656EE062BFA2DA900C48EF0 /* SceneDelegate.swift */; };
		5656EE0C2BFA2DA900C48EF0 /* Base in Resources */ = {isa = PBXBuildFile; fileRef = 5656EE0B2BFA2DA900C48EF0 /* Base */; };
		5656EE0E2BFA2DAB00C48EF0 /* Assets.xcassets in Resources */ = {isa = PBXBuildFile; fileRef = 5656EE0D2BFA2DAB00C48EF0 /* Assets.xcassets */; };
		5656EE112BFA2DAB00C48EF0 /* Base in Resources */ = {isa = PBXBuildFile; fileRef = 5656EE102BFA2DAB00C48EF0 /* Base */; };
		5656EE1D2BFA2F4900C48EF0 /* HeaderView.swift in Sources */ = {isa = PBXBuildFile; fileRef = 5656EE1C2BFA2F4900C48EF0 /* HeaderView.swift */; };
		5656EE1F2BFA2F5200C48EF0 /* MainView.swift in Sources */ = {isa = PBXBuildFile; fileRef = 5656EE1E2BFA2F5200C48EF0 /* MainView.swift */; };
		5656EE212BFA2F5A00C48EF0 /* CartView.swift in Sources */ = {isa = PBXBuildFile; fileRef = 5656EE202BFA2F5A00C48EF0 /* CartView.swift */; };
		5656EE232BFA2F6200C48EF0 /* ProductDetailView.swift in Sources */ = {isa = PBXBuildFile; fileRef = 5656EE222BFA2F6200C48EF0 /* ProductDetailView.swift */; };
		5656EE252BFA2F6D00C48EF0 /* ProductCardView.swift in Sources */ = {isa = PBXBuildFile; fileRef = 5656EE242BFA2F6D00C48EF0 /* ProductCardView.swift */; };
		5656EE272BFA2F7700C48EF0 /* Product.swift in Sources */ = {isa = PBXBuildFile; fileRef = 5656EE262BFA2F7700C48EF0 /* Product.swift */; };
		5656EE2A2BFA2F9500C48EF0 /* ProductViewModel.swift in Sources */ = {isa = PBXBuildFile; fileRef = 5656EE292BFA2F9500C48EF0 /* ProductViewModel.swift */; };
		5656EE2C2BFA33EC00C48EF0 /* HorizontalCollectionView.swift in Sources */ = {isa = PBXBuildFile; fileRef = 5656EE2B2BFA33EC00C48EF0 /* HorizontalCollectionView.swift */; };
		5656EE2E2BFA340000C48EF0 /* VerticalCollectionView.swift in Sources */ = {isa = PBXBuildFile; fileRef = 5656EE2D2BFA340000C48EF0 /* VerticalCollectionView.swift */; };
		5656EE322BFA55B900C48EF0 /* CarouselView.swift in Sources */ = {isa = PBXBuildFile; fileRef = 5656EE312BFA55B900C48EF0 /* CarouselView.swift */; };
		5656EE352BFC5FE000C48EF0 /* CartManager.swift in Sources */ = {isa = PBXBuildFile; fileRef = 5656EE342BFC5FE000C48EF0 /* CartManager.swift */; };
/* End PBXBuildFile section */

/* Begin PBXFileReference section */
		5656EE012BFA2DA900C48EF0 /* ArbuzTest2.app */ = {isa = PBXFileReference; explicitFileType = wrapper.application; includeInIndex = 0; path = ArbuzTest2.app; sourceTree = BUILT_PRODUCTS_DIR; };
		5656EE042BFA2DA900C48EF0 /* AppDelegate.swift */ = {isa = PBXFileReference; lastKnownFileType = sourcecode.swift; path = AppDelegate.swift; sourceTree = "<group>"; };
		5656EE062BFA2DA900C48EF0 /* SceneDelegate.swift */ = {isa = PBXFileReference; lastKnownFileType = sourcecode.swift; path = SceneDelegate.swift; sourceTree = "<group>"; };
		5656EE0B2BFA2DA900C48EF0 /* Base */ = {isa = PBXFileReference; lastKnownFileType = file.storyboard; name = Base; path = Base.lproj/Main.storyboard; sourceTree = "<group>"; };
		5656EE0D2BFA2DAB00C48EF0 /* Assets.xcassets */ = {isa = PBXFileReference; lastKnownFileType = folder.assetcatalog; path = Assets.xcassets; sourceTree = "<group>"; };
		5656EE102BFA2DAB00C48EF0 /* Base */ = {isa = PBXFileReference; lastKnownFileType = file.storyboard; name = Base; path = Base.lproj/LaunchScreen.storyboard; sourceTree = "<group>"; };
		5656EE122BFA2DAB00C48EF0 /* Info.plist */ = {isa = PBXFileReference; lastKnownFileType = text.plist.xml; path = Info.plist; sourceTree = "<group>"; };
		5656EE1C2BFA2F4900C48EF0 /* HeaderView.swift */ = {isa = PBXFileReference; lastKnownFileType = sourcecode.swift; path = HeaderView.swift; sourceTree = "<group>"; };
		5656EE1E2BFA2F5200C48EF0 /* MainView.swift */ = {isa = PBXFileReference; lastKnownFileType = sourcecode.swift; path = MainView.swift; sourceTree = "<group>"; };
		5656EE202BFA2F5A00C48EF0 /* CartView.swift */ = {isa = PBXFileReference; lastKnownFileType = sourcecode.swift; path = CartView.swift; sourceTree = "<group>"; };
		5656EE222BFA2F6200C48EF0 /* ProductDetailView.swift */ = {isa = PBXFileReference; lastKnownFileType = sourcecode.swift; path = ProductDetailView.swift; sourceTree = "<group>"; };
		5656EE242BFA2F6D00C48EF0 /* ProductCardView.swift */ = {isa = PBXFileReference; lastKnownFileType = sourcecode.swift; path = ProductCardView.swift; sourceTree = "<group>"; };
		5656EE262BFA2F7700C48EF0 /* Product.swift */ = {isa = PBXFileReference; lastKnownFileType = sourcecode.swift; path = Product.swift; sourceTree = "<group>"; };
		5656EE292BFA2F9500C48EF0 /* ProductViewModel.swift */ = {isa = PBXFileReference; lastKnownFileType = sourcecode.swift; path = ProductViewModel.swift; sourceTree = "<group>"; };
		5656EE2B2BFA33EC00C48EF0 /* HorizontalCollectionView.swift */ = {isa = PBXFileReference; lastKnownFileType = sourcecode.swift; path = HorizontalCollectionView.swift; sourceTree = "<group>"; };
		5656EE2D2BFA340000C48EF0 /* VerticalCollectionView.swift */ = {isa = PBXFileReference; lastKnownFileType = sourcecode.swift; path = VerticalCollectionView.swift; sourceTree = "<group>"; };
		5656EE312BFA55B900C48EF0 /* CarouselView.swift */ = {isa = PBXFileReference; lastKnownFileType = sourcecode.swift; path = CarouselView.swift; sourceTree = "<group>"; };
		5656EE342BFC5FE000C48EF0 /* CartManager.swift */ = {isa = PBXFileReference; lastKnownFileType = sourcecode.swift; path = CartManager.swift; sourceTree = "<group>"; };
/* End PBXFileReference section */

/* Begin PBXFrameworksBuildPhase section */
		5656EDFE2BFA2DA900C48EF0 /* Frameworks */ = {
			isa = PBXFrameworksBuildPhase;
			buildActionMask = 2147483647;
			files = (
			);
			runOnlyForDeploymentPostprocessing = 0;
		};
/* End PBXFrameworksBuildPhase section */

/* Begin PBXGroup section */
		5656EDF82BFA2DA900C48EF0 = {
			isa = PBXGroup;
			children = (
				5656EE032BFA2DA900C48EF0 /* ArbuzTest2 */,
				5656EE022BFA2DA900C48EF0 /* Products */,
			);
			sourceTree = "<group>";
		};
		5656EE022BFA2DA900C48EF0 /* Products */ = {
			isa = PBXGroup;
			children = (
				5656EE012BFA2DA900C48EF0 /* ArbuzTest2.app */,
			);
			name = Products;
			sourceTree = "<group>";
		};
		5656EE032BFA2DA900C48EF0 /* ArbuzTest2 */ = {
			isa = PBXGroup;
			children = (
				5656EE332BFC5FD300C48EF0 /* Managers */,
				5656EE1B2BFA2F3000C48EF0 /* Models */,
				5656EE192BFA2F0000C48EF0 /* Views */,
				5656EE282BFA2F8300C48EF0 /* ViewModels */,
				5656EE1A2BFA2F1100C48EF0 /* SupportedFiles */,
				5656EE182BFA2EEA00C48EF0 /* Resources */,
				5656EE122BFA2DAB00C48EF0 /* Info.plist */,
			);
			path = ArbuzTest2;
			sourceTree = "<group>";
		};
		5656EE182BFA2EEA00C48EF0 /* Resources */ = {
			isa = PBXGroup;
			children = (
				5656EE0F2BFA2DAB00C48EF0 /* LaunchScreen.storyboard */,
				5656EE0D2BFA2DAB00C48EF0 /* Assets.xcassets */,
				5656EE0A2BFA2DA900C48EF0 /* Main.storyboard */,
			);
			path = Resources;
			sourceTree = "<group>";
		};
		5656EE192BFA2F0000C48EF0 /* Views */ = {
			isa = PBXGroup;
			children = (
				5656EE1C2BFA2F4900C48EF0 /* HeaderView.swift */,
				5656EE1E2BFA2F5200C48EF0 /* MainView.swift */,
				5656EE202BFA2F5A00C48EF0 /* CartView.swift */,
				5656EE222BFA2F6200C48EF0 /* ProductDetailView.swift */,
				5656EE242BFA2F6D00C48EF0 /* ProductCardView.swift */,
				5656EE2B2BFA33EC00C48EF0 /* HorizontalCollectionView.swift */,
				5656EE2D2BFA340000C48EF0 /* VerticalCollectionView.swift */,
				5656EE312BFA55B900C48EF0 /* CarouselView.swift */,
			);
			path = Views;
			sourceTree = "<group>";
		};
		5656EE1A2BFA2F1100C48EF0 /* SupportedFiles */ = {
			isa = PBXGroup;
			children = (
				5656EE042BFA2DA900C48EF0 /* AppDelegate.swift */,
				5656EE062BFA2DA900C48EF0 /* SceneDelegate.swift */,
			);
			path = SupportedFiles;
			sourceTree = "<group>";
		};
		5656EE1B2BFA2F3000C48EF0 /* Models */ = {
			isa = PBXGroup;
			children = (
				5656EE262BFA2F7700C48EF0 /* Product.swift */,
			);
			path = Models;
			sourceTree = "<group>";
		};
		5656EE282BFA2F8300C48EF0 /* ViewModels */ = {
			isa = PBXGroup;
			children = (
				5656EE292BFA2F9500C48EF0 /* ProductViewModel.swift */,
			);
			path = ViewModels;
			sourceTree = "<group>";
		};
		5656EE332BFC5FD300C48EF0 /* Managers */ = {
			isa = PBXGroup;
			children = (
				5656EE342BFC5FE000C48EF0 /* CartManager.swift */,
			);
			path = Managers;
			sourceTree = "<group>";
		};
/* End PBXGroup section */

/* Begin PBXNativeTarget section */
		5656EE002BFA2DA900C48EF0 /* ArbuzTest2 */ = {
			isa = PBXNativeTarget;
			buildConfigurationList = 5656EE152BFA2DAB00C48EF0 /* Build configuration list for PBXNativeTarget "ArbuzTest2" */;
			buildPhases = (
				5656EDFD2BFA2DA900C48EF0 /* Sources */,
				5656EDFE2BFA2DA900C48EF0 /* Frameworks */,
				5656EDFF2BFA2DA900C48EF0 /* Resources */,
			);
			buildRules = (
			);
			dependencies = (
			);
			name = ArbuzTest2;
			productName = ArbuzTest2;
			productReference = 5656EE012BFA2DA900C48EF0 /* ArbuzTest2.app */;
			productType = "com.apple.product-type.application";
		};
/* End PBXNativeTarget section */

/* Begin PBXProject section */
		5656EDF92BFA2DA900C48EF0 /* Project object */ = {
			isa = PBXProject;
			attributes = {
				BuildIndependentTargetsInParallel = 1;
				LastSwiftUpdateCheck = 1530;
				LastUpgradeCheck = 1530;
				TargetAttributes = {
					5656EE002BFA2DA900C48EF0 = {
						CreatedOnToolsVersion = 15.3;
					};
				};
			};
			buildConfigurationList = 5656EDFC2BFA2DA900C48EF0 /* Build configuration list for PBXProject "ArbuzTest2" */;
			compatibilityVersion = "Xcode 14.0";
			developmentRegion = en;
			hasScannedForEncodings = 0;
			knownRegions = (
				en,
				Base,
			);
			mainGroup = 5656EDF82BFA2DA900C48EF0;
			productRefGroup = 5656EE022BFA2DA900C48EF0 /* Products */;
			projectDirPath = "";
			projectRoot = "";
			targets = (
				5656EE002BFA2DA900C48EF0 /* ArbuzTest2 */,
			);
		};
/* End PBXProject section */

/* Begin PBXResourcesBuildPhase section */
		5656EDFF2BFA2DA900C48EF0 /* Resources */ = {
			isa = PBXResourcesBuildPhase;
			buildActionMask = 2147483647;
			files = (
				5656EE0E2BFA2DAB00C48EF0 /* Assets.xcassets in Resources */,
				5656EE112BFA2DAB00C48EF0 /* Base in Resources */,
				5656EE0C2BFA2DA900C48EF0 /* Base in Resources */,
			);
			runOnlyForDeploymentPostprocessing = 0;
		};
/* End PBXResourcesBuildPhase section */

/* Begin PBXSourcesBuildPhase section */
		5656EDFD2BFA2DA900C48EF0 /* Sources */ = {
			isa = PBXSourcesBuildPhase;
			buildActionMask = 2147483647;
			files = (
				5656EE212BFA2F5A00C48EF0 /* CartView.swift in Sources */,
				5656EE352BFC5FE000C48EF0 /* CartManager.swift in Sources */,
				5656EE272BFA2F7700C48EF0 /* Product.swift in Sources */,
				5656EE052BFA2DA900C48EF0 /* AppDelegate.swift in Sources */,
				5656EE1F2BFA2F5200C48EF0 /* MainView.swift in Sources */,
				5656EE072BFA2DA900C48EF0 /* SceneDelegate.swift in Sources */,
				5656EE2A2BFA2F9500C48EF0 /* ProductViewModel.swift in Sources */,
				5656EE2C2BFA33EC00C48EF0 /* HorizontalCollectionView.swift in Sources */,
				5656EE1D2BFA2F4900C48EF0 /* HeaderView.swift in Sources */,
				5656EE2E2BFA340000C48EF0 /* VerticalCollectionView.swift in Sources */,
				5656EE232BFA2F6200C48EF0 /* ProductDetailView.swift in Sources */,
				5656EE322BFA55B900C48EF0 /* CarouselView.swift in Sources */,
				5656EE252BFA2F6D00C48EF0 /* ProductCardView.swift in Sources */,
			);
			runOnlyForDeploymentPostprocessing = 0;
		};
/* End PBXSourcesBuildPhase section */

/* Begin PBXVariantGroup section */
		5656EE0A2BFA2DA900C48EF0 /* Main.storyboard */ = {
			isa = PBXVariantGroup;
			children = (
				5656EE0B2BFA2DA900C48EF0 /* Base */,
			);
			name = Main.storyboard;
			sourceTree = "<group>";
		};
		5656EE0F2BFA2DAB00C48EF0 /* LaunchScreen.storyboard */ = {
			isa = PBXVariantGroup;
			children = (
				5656EE102BFA2DAB00C48EF0 /* Base */,
			);
			name = LaunchScreen.storyboard;
			sourceTree = "<group>";
		};
/* End PBXVariantGroup section */

/* Begin XCBuildConfiguration section */
		5656EE132BFA2DAB00C48EF0 /* Debug */ = {
			isa = XCBuildConfiguration;
			buildSettings = {
				ALWAYS_SEARCH_USER_PATHS = NO;
				ASSETCATALOG_COMPILER_GENERATE_SWIFT_ASSET_SYMBOL_EXTENSIONS = YES;
				CLANG_ANALYZER_NONNULL = YES;
				CLANG_ANALYZER_NUMBER_OBJECT_CONVERSION = YES_AGGRESSIVE;
				CLANG_CXX_LANGUAGE_STANDARD = "gnu++20";
				CLANG_ENABLE_MODULES = YES;
				CLANG_ENABLE_OBJC_ARC = YES;
				CLANG_ENABLE_OBJC_WEAK = YES;
				CLANG_WARN_BLOCK_CAPTURE_AUTORELEASING = YES;
				CLANG_WARN_BOOL_CONVERSION = YES;
				CLANG_WARN_COMMA = YES;
				CLANG_WARN_CONSTANT_CONVERSION = YES;
				CLANG_WARN_DEPRECATED_OBJC_IMPLEMENTATIONS = YES;
				CLANG_WARN_DIRECT_OBJC_ISA_USAGE = YES_ERROR;
				CLANG_WARN_DOCUMENTATION_COMMENTS = YES;
				CLANG_WARN_EMPTY_BODY = YES;
				CLANG_WARN_ENUM_CONVERSION = YES;
				CLANG_WARN_INFINITE_RECURSION = YES;
				CLANG_WARN_INT_CONVERSION = YES;
				CLANG_WARN_NON_LITERAL_NULL_CONVERSION = YES;
				CLANG_WARN_OBJC_IMPLICIT_RETAIN_SELF = YES;
				CLANG_WARN_OBJC_LITERAL_CONVERSION = YES;
				CLANG_WARN_OBJC_ROOT_CLASS = YES_ERROR;
				CLANG_WARN_QUOTED_INCLUDE_IN_FRAMEWORK_HEADER = YES;
				CLANG_WARN_RANGE_LOOP_ANALYSIS = YES;
				CLANG_WARN_STRICT_PROTOTYPES = YES;
				CLANG_WARN_SUSPICIOUS_MOVE = YES;
				CLANG_WARN_UNGUARDED_AVAILABILITY = YES_AGGRESSIVE;
				CLANG_WARN_UNREACHABLE_CODE = YES;
				CLANG_WARN__DUPLICATE_METHOD_MATCH = YES;
				COPY_PHASE_STRIP = NO;
				DEBUG_INFORMATION_FORMAT = dwarf;
				ENABLE_STRICT_OBJC_MSGSEND = YES;
				ENABLE_TESTABILITY = YES;
				ENABLE_USER_SCRIPT_SANDBOXING = YES;
				GCC_C_LANGUAGE_STANDARD = gnu17;
				GCC_DYNAMIC_NO_PIC = NO;
				GCC_NO_COMMON_BLOCKS = YES;
				GCC_OPTIMIZATION_LEVEL = 0;
				GCC_PREPROCESSOR_DEFINITIONS = (
					"DEBUG=1",
					"$(inherited)",
				);
				GCC_WARN_64_TO_32_BIT_CONVERSION = YES;
				GCC_WARN_ABOUT_RETURN_TYPE = YES_ERROR;
				GCC_WARN_UNDECLARED_SELECTOR = YES;
				GCC_WARN_UNINITIALIZED_AUTOS = YES_AGGRESSIVE;
				GCC_WARN_UNUSED_FUNCTION = YES;
				GCC_WARN_UNUSED_VARIABLE = YES;
				IPHONEOS_DEPLOYMENT_TARGET = 17.4;
				LOCALIZATION_PREFERS_STRING_CATALOGS = YES;
				MTL_ENABLE_DEBUG_INFO = INCLUDE_SOURCE;
				MTL_FAST_MATH = YES;
				ONLY_ACTIVE_ARCH = YES;
				SDKROOT = iphoneos;
				SWIFT_ACTIVE_COMPILATION_CONDITIONS = "DEBUG $(inherited)";
				SWIFT_OPTIMIZATION_LEVEL = "-Onone";
			};
			name = Debug;
		};
		5656EE142BFA2DAB00C48EF0 /* Release */ = {
			isa = XCBuildConfiguration;
			buildSettings = {
				ALWAYS_SEARCH_USER_PATHS = NO;
				ASSETCATALOG_COMPILER_GENERATE_SWIFT_ASSET_SYMBOL_EXTENSIONS = YES;
				CLANG_ANALYZER_NONNULL = YES;
				CLANG_ANALYZER_NUMBER_OBJECT_CONVERSION = YES_AGGRESSIVE;
				CLANG_CXX_LANGUAGE_STANDARD = "gnu++20";
				CLANG_ENABLE_MODULES = YES;
				CLANG_ENABLE_OBJC_ARC = YES;
				CLANG_ENABLE_OBJC_WEAK = YES;
				CLANG_WARN_BLOCK_CAPTURE_AUTORELEASING = YES;
				CLANG_WARN_BOOL_CONVERSION = YES;
				CLANG_WARN_COMMA = YES;
				CLANG_WARN_CONSTANT_CONVERSION = YES;
				CLANG_WARN_DEPRECATED_OBJC_IMPLEMENTATIONS = YES;
				CLANG_WARN_DIRECT_OBJC_ISA_USAGE = YES_ERROR;
				CLANG_WARN_DOCUMENTATION_COMMENTS = YES;
				CLANG_WARN_EMPTY_BODY = YES;
				CLANG_WARN_ENUM_CONVERSION = YES;
				CLANG_WARN_INFINITE_RECURSION = YES;
				CLANG_WARN_INT_CONVERSION = YES;
				CLANG_WARN_NON_LITERAL_NULL_CONVERSION = YES;
				CLANG_WARN_OBJC_IMPLICIT_RETAIN_SELF = YES;
				CLANG_WARN_OBJC_LITERAL_CONVERSION = YES;
				CLANG_WARN_OBJC_ROOT_CLASS = YES_ERROR;
				CLANG_WARN_QUOTED_INCLUDE_IN_FRAMEWORK_HEADER = YES;
				CLANG_WARN_RANGE_LOOP_ANALYSIS = YES;
				CLANG_WARN_STRICT_PROTOTYPES = YES;
				CLANG_WARN_SUSPICIOUS_MOVE = YES;
				CLANG_WARN_UNGUARDED_AVAILABILITY = YES_AGGRESSIVE;
				CLANG_WARN_UNREACHABLE_CODE = YES;
				CLANG_WARN__DUPLICATE_METHOD_MATCH = YES;
				COPY_PHASE_STRIP = NO;
				DEBUG_INFORMATION_FORMAT = "dwarf-with-dsym";
				ENABLE_NS_ASSERTIONS = NO;
				ENABLE_STRICT_OBJC_MSGSEND = YES;
				ENABLE_USER_SCRIPT_SANDBOXING = YES;
				GCC_C_LANGUAGE_STANDARD = gnu17;
				GCC_NO_COMMON_BLOCKS = YES;
				GCC_WARN_64_TO_32_BIT_CONVERSION = YES;
				GCC_WARN_ABOUT_RETURN_TYPE = YES_ERROR;
				GCC_WARN_UNDECLARED_SELECTOR = YES;
				GCC_WARN_UNINITIALIZED_AUTOS = YES_AGGRESSIVE;
				GCC_WARN_UNUSED_FUNCTION = YES;
				GCC_WARN_UNUSED_VARIABLE = YES;
				IPHONEOS_DEPLOYMENT_TARGET = 17.4;
				LOCALIZATION_PREFERS_STRING_CATALOGS = YES;
				MTL_ENABLE_DEBUG_INFO = NO;
				MTL_FAST_MATH = YES;
				SDKROOT = iphoneos;
				SWIFT_COMPILATION_MODE = wholemodule;
				VALIDATE_PRODUCT = YES;
			};
			name = Release;
		};
		5656EE162BFA2DAB00C48EF0 /* Debug */ = {
			isa = XCBuildConfiguration;
			buildSettings = {
				ASSETCATALOG_COMPILER_APPICON_NAME = AppIcon;
				ASSETCATALOG_COMPILER_GLOBAL_ACCENT_COLOR_NAME = AccentColor;
				CODE_SIGN_STYLE = Automatic;
				CURRENT_PROJECT_VERSION = 1;
				GENERATE_INFOPLIST_FILE = YES;
				INFOPLIST_FILE = ArbuzTest2/Info.plist;
				INFOPLIST_KEY_UIApplicationSupportsIndirectInputEvents = YES;
				INFOPLIST_KEY_UILaunchStoryboardName = LaunchScreen;
				INFOPLIST_KEY_UIMainStoryboardFile = Main;
				INFOPLIST_KEY_UISupportedInterfaceOrientations_iPad = "UIInterfaceOrientationPortrait UIInterfaceOrientationPortraitUpsideDown UIInterfaceOrientationLandscapeLeft UIInterfaceOrientationLandscapeRight";
				INFOPLIST_KEY_UISupportedInterfaceOrientations_iPhone = "UIInterfaceOrientationPortrait UIInterfaceOrientationLandscapeLeft UIInterfaceOrientationLandscapeRight";
				LD_RUNPATH_SEARCH_PATHS = (
					"$(inherited)",
					"@executable_path/Frameworks",
				);
				MARKETING_VERSION = 1.0;
				PRODUCT_BUNDLE_IDENTIFIER = "Altynbek-Dimoon.test.ArbuzTest2";
				PRODUCT_NAME = "$(TARGET_NAME)";
				SWIFT_EMIT_LOC_STRINGS = YES;
				SWIFT_VERSION = 5.0;
				TARGETED_DEVICE_FAMILY = "1,2";
			};
			name = Debug;
		};
		5656EE172BFA2DAB00C48EF0 /* Release */ = {
			isa = XCBuildConfiguration;
			buildSettings = {
				ASSETCATALOG_COMPILER_APPICON_NAME = AppIcon;
				ASSETCATALOG_COMPILER_GLOBAL_ACCENT_COLOR_NAME = AccentColor;
				CODE_SIGN_STYLE = Automatic;
				CURRENT_PROJECT_VERSION = 1;
				GENERATE_INFOPLIST_FILE = YES;
				INFOPLIST_FILE = ArbuzTest2/Info.plist;
				INFOPLIST_KEY_UIApplicationSupportsIndirectInputEvents = YES;
				INFOPLIST_KEY_UILaunchStoryboardName = LaunchScreen;
				INFOPLIST_KEY_UIMainStoryboardFile = Main;
				INFOPLIST_KEY_UISupportedInterfaceOrientations_iPad = "UIInterfaceOrientationPortrait UIInterfaceOrientationPortraitUpsideDown UIInterfaceOrientationLandscapeLeft UIInterfaceOrientationLandscapeRight";
				INFOPLIST_KEY_UISupportedInterfaceOrientations_iPhone = "UIInterfaceOrientationPortrait UIInterfaceOrientationLandscapeLeft UIInterfaceOrientationLandscapeRight";
				LD_RUNPATH_SEARCH_PATHS = (
					"$(inherited)",
					"@executable_path/Frameworks",
				);
				MARKETING_VERSION = 1.0;
				PRODUCT_BUNDLE_IDENTIFIER = "Altynbek-Dimoon.test.ArbuzTest2";
				PRODUCT_NAME = "$(TARGET_NAME)";
				SWIFT_EMIT_LOC_STRINGS = YES;
				SWIFT_VERSION = 5.0;
				TARGETED_DEVICE_FAMILY = "1,2";
			};
			name = Release;
		};
/* End XCBuildConfiguration section */

/* Begin XCConfigurationList section */
		5656EDFC2BFA2DA900C48EF0 /* Build configuration list for PBXProject "ArbuzTest2" */ = {
			isa = XCConfigurationList;
			buildConfigurations = (
				5656EE132BFA2DAB00C48EF0 /* Debug */,
				5656EE142BFA2DAB00C48EF0 /* Release */,
			);
			defaultConfigurationIsVisible = 0;
			defaultConfigurationName = Release;
		};
		5656EE152BFA2DAB00C48EF0 /* Build configuration list for PBXNativeTarget "ArbuzTest2" */ = {
			isa = XCConfigurationList;
			buildConfigurations = (
				5656EE162BFA2DAB00C48EF0 /* Debug */,
				5656EE172BFA2DAB00C48EF0 /* Release */,
			);
			defaultConfigurationIsVisible = 0;
			defaultConfigurationName = Release;
		};
/* End XCConfigurationList section */
	};
	rootObject = 5656EDF92BFA2DA900C48EF0 /* Project object */;
}
